
Microsoft Visual Studio Solution File, Format Version 12.00
# Visual Studio Version 17
VisualStudioVersion = 17.3.32804.467
MinimumVisualStudioVersion = 10.0.40219.1
Project("{9A19103F-16F7-4668-BE54-9A1E7A4F7556}") = "Net.Delivery.Order.Api", "Net.Delivery.Order.Api\Net.Delivery.Order.Api.csproj", "{943D005C-B961-4867-9753-FF0182F1488B}"
EndProject
Project("{9A19103F-16F7-4668-BE54-9A1E7A4F7556}") = "Net.Delivery.Order.Notifier", "Net.Delivery.Order.Notifier\Net.Delivery.Order.Notifier.csproj", "{B00E083E-9F76-49F0-9E8F-902429FD83AB}"
EndProject
Project("{2150E333-8FDC-42A3-9474-1A3956D46DE8}") = "docker", "docker", "{E4C8BEC4-1911-4920-A29E-71F2D098A057}"
	ProjectSection(SolutionItems) = preProject
		docker-compose.yml = docker-compose.yml
	EndProjectSection
EndProject
Project("{FAE04EC0-301F-11D3-BF4B-00C04F79EFBC}") = "Net.Delivery.Order.Domain", "Net.Delivery.Order.Domain\Net.Delivery.Order.Domain.csproj", "{2BD94CF5-F59F-457F-9DC7-4248125CF6E8}"
EndProject
Global
	GlobalSection(SolutionConfigurationPlatforms) = preSolution
		Debug|Any CPU = Debug|Any CPU
		Release|Any CPU = Release|Any CPU
	EndGlobalSection
	GlobalSection(ProjectConfigurationPlatforms) = postSolution
		{943D005C-B961-4867-9753-FF0182F1488B}.Debug|Any CPU.ActiveCfg = Debug|Any CPU
		{943D005C-B961-4867-9753-FF0182F1488B}.Debug|Any CPU.Build.0 = Debug|Any CPU
		{943D005C-B961-4867-9753-FF0182F1488B}.Release|Any CPU.ActiveCfg = Release|Any CPU
		{943D005C-B961-4867-9753-FF0182F1488B}.Release|Any CPU.Build.0 = Release|Any CPU
		{B00E083E-9F76-49F0-9E8F-902429FD83AB}.Debug|Any CPU.ActiveCfg = Debug|Any CPU
		{B00E083E-9F76-49F0-9E8F-902429FD83AB}.Debug|Any CPU.Build.0 = Debug|Any CPU
		{B00E083E-9F76-49F0-9E8F-902429FD83AB}.Release|Any CPU.ActiveCfg = Release|Any CPU
		{B00E083E-9F76-49F0-9E8F-902429FD83AB}.Release|Any CPU.Build.0 = Release|Any CPU
		{2BD94CF5-F59F-457F-9DC7-4248125CF6E8}.Debug|Any CPU.ActiveCfg = Debug|Any CPU
		{2BD94CF5-F59F-457F-9DC7-4248125CF6E8}.Debug|Any CPU.Build.0 = Debug|Any CPU
		{2BD94CF5-F59F-457F-9DC7-4248125CF6E8}.Release|Any CPU.ActiveCfg = Release|Any CPU
		{2BD94CF5-F59F-457F-9DC7-4248125CF6E8}.Release|Any CPU.Build.0 = Release|Any CPU
	EndGlobalSection
	GlobalSection(SolutionProperties) = preSolution
		HideSolutionNode = FALSE
	EndGlobalSection
	GlobalSection(ExtensibilityGlobals) = postSolution
		SolutionGuid = {7300FF44-F99C-443D-AB4B-61C2FE80659A}
	EndGlobalSection
EndGlobal
